// !$*UTF8*$!
{
	archiveVersion = 1;
	classes = {
	};
	objectVersion = 46;
	objects = {

/* Begin PBXBuildFile section */
		2A8692E11B56FDC600E5CB16 /* personal-access-token.txt in Resources */ = {isa = PBXBuildFile; fileRef = 2A8692E01B56FDC600E5CB16 /* personal-access-token.txt */; };
		2A8692F01B571F1000E5CB16 /* tetraminos_S.png in Resources */ = {isa = PBXBuildFile; fileRef = 2A8692E91B571F1000E5CB16 /* tetraminos_S.png */; };
		2A8692F11B571F1000E5CB16 /* tetraminos_Z.png in Resources */ = {isa = PBXBuildFile; fileRef = 2A8692EA1B571F1000E5CB16 /* tetraminos_Z.png */; };
		2A8692F21B571F1000E5CB16 /* tetraminos_O.png in Resources */ = {isa = PBXBuildFile; fileRef = 2A8692EB1B571F1000E5CB16 /* tetraminos_O.png */; };
		2A8692F31B571F1000E5CB16 /* tetraminos_T.png in Resources */ = {isa = PBXBuildFile; fileRef = 2A8692EC1B571F1000E5CB16 /* tetraminos_T.png */; };
		2A8692F41B571F1000E5CB16 /* tetraminos_I.png in Resources */ = {isa = PBXBuildFile; fileRef = 2A8692ED1B571F1000E5CB16 /* tetraminos_I.png */; };
		2A8692F51B571F1000E5CB16 /* tetraminos_L.png in Resources */ = {isa = PBXBuildFile; fileRef = 2A8692EE1B571F1000E5CB16 /* tetraminos_L.png */; };
		2A8692F61B571F1000E5CB16 /* tetraminos_F.png in Resources */ = {isa = PBXBuildFile; fileRef = 2A8692EF1B571F1000E5CB16 /* tetraminos_F.png */; };
		2A8692F81B5732B600E5CB16 /* BlockTimer.swift in Sources */ = {isa = PBXBuildFile; fileRef = 2A8692F71B5732B600E5CB16 /* BlockTimer.swift */; };
		A83683E21B56E31300BF05D5 /* Connect.swift in Sources */ = {isa = PBXBuildFile; fileRef = A83683E11B56E31300BF05D5 /* Connect.swift */; };
		A83683EA1B570D4D00BF05D5 /* Store.swift in Sources */ = {isa = PBXBuildFile; fileRef = A83683E91B570D4D00BF05D5 /* Store.swift */; };
		A83683EC1B572D5700BF05D5 /* JSObject.swift in Sources */ = {isa = PBXBuildFile; fileRef = A83683EB1B572D5700BF05D5 /* JSObject.swift */; };
		A8579A651B55C9A200FA54F9 /* AppDelegate.swift in Sources */ = {isa = PBXBuildFile; fileRef = A8579A641B55C9A200FA54F9 /* AppDelegate.swift */; };
		A8579A671B55C9A200FA54F9 /* GameScene.sks in Resources */ = {isa = PBXBuildFile; fileRef = A8579A661B55C9A200FA54F9 /* GameScene.sks */; };
		A8579A691B55C9A200FA54F9 /* GameScene.swift in Sources */ = {isa = PBXBuildFile; fileRef = A8579A681B55C9A200FA54F9 /* GameScene.swift */; };
		A8579A6B1B55C9A200FA54F9 /* GameViewController.swift in Sources */ = {isa = PBXBuildFile; fileRef = A8579A6A1B55C9A200FA54F9 /* GameViewController.swift */; };
		A8579A6E1B55C9A200FA54F9 /* Main.storyboard in Resources */ = {isa = PBXBuildFile; fileRef = A8579A6C1B55C9A200FA54F9 /* Main.storyboard */; };
		A8579A701B55C9A200FA54F9 /* Images.xcassets in Resources */ = {isa = PBXBuildFile; fileRef = A8579A6F1B55C9A200FA54F9 /* Images.xcassets */; };
		A8579A731B55C9A200FA54F9 /* LaunchScreen.xib in Resources */ = {isa = PBXBuildFile; fileRef = A8579A711B55C9A200FA54F9 /* LaunchScreen.xib */; };
		A8579A7F1B55C9A200FA54F9 /* TetrisGameTests.swift in Sources */ = {isa = PBXBuildFile; fileRef = A8579A7E1B55C9A200FA54F9 /* TetrisGameTests.swift */; };
		A8579A891B55DE5200FA54F9 /* Tetraminos.swift in Sources */ = {isa = PBXBuildFile; fileRef = A8579A881B55DE5200FA54F9 /* Tetraminos.swift */; };
		A87D4CFC1B59823C003C9ECB /* greystripe.png in Resources */ = {isa = PBXBuildFile; fileRef = A87D4CFB1B59823C003C9ECB /* greystripe.png */; };
		ED1DFCA01B55E9C600CA2FA2 /* DataLoader.swift in Sources */ = {isa = PBXBuildFile; fileRef = ED1DFC9F1B55E9C600CA2FA2 /* DataLoader.swift */; };
		ED1DFCA21B55E9CE00CA2FA2 /* HighScoreController.swift in Sources */ = {isa = PBXBuildFile; fileRef = ED1DFCA11B55E9CE00CA2FA2 /* HighScoreController.swift */; };
		ED1DFCA41B55E9D600CA2FA2 /* Player.swift in Sources */ = {isa = PBXBuildFile; fileRef = ED1DFCA31B55E9D600CA2FA2 /* Player.swift */; };
		ED1DFCA61B55E9D900CA2FA2 /* PlayerCell.swift in Sources */ = {isa = PBXBuildFile; fileRef = ED1DFCA51B55E9D900CA2FA2 /* PlayerCell.swift */; };
/* End PBXBuildFile section */

/* Begin PBXContainerItemProxy section */
		A8579A791B55C9A200FA54F9 /* PBXContainerItemProxy */ = {
			isa = PBXContainerItemProxy;
			containerPortal = A8579A571B55C9A200FA54F9 /* Project object */;
			proxyType = 1;
			remoteGlobalIDString = A8579A5E1B55C9A200FA54F9;
			remoteInfo = TetrisGame;
		};
/* End PBXContainerItemProxy section */

/* Begin PBXFileReference section */
		2A8692E01B56FDC600E5CB16 /* personal-access-token.txt */ = {isa = PBXFileReference; fileEncoding = 4; lastKnownFileType = text; path = "personal-access-token.txt"; sourceTree = "<group>"; };
		2A8692E91B571F1000E5CB16 /* tetraminos_S.png */ = {isa = PBXFileReference; lastKnownFileType = image.png; path = tetraminos_S.png; sourceTree = "<group>"; };
		2A8692EA1B571F1000E5CB16 /* tetraminos_Z.png */ = {isa = PBXFileReference; lastKnownFileType = image.png; path = tetraminos_Z.png; sourceTree = "<group>"; };
		2A8692EB1B571F1000E5CB16 /* tetraminos_O.png */ = {isa = PBXFileReference; lastKnownFileType = image.png; path = tetraminos_O.png; sourceTree = "<group>"; };
		2A8692EC1B571F1000E5CB16 /* tetraminos_T.png */ = {isa = PBXFileReference; lastKnownFileType = image.png; path = tetraminos_T.png; sourceTree = "<group>"; };
		2A8692ED1B571F1000E5CB16 /* tetraminos_I.png */ = {isa = PBXFileReference; lastKnownFileType = image.png; path = tetraminos_I.png; sourceTree = "<group>"; };
		2A8692EE1B571F1000E5CB16 /* tetraminos_L.png */ = {isa = PBXFileReference; lastKnownFileType = image.png; path = tetraminos_L.png; sourceTree = "<group>"; };
		2A8692EF1B571F1000E5CB16 /* tetraminos_F.png */ = {isa = PBXFileReference; lastKnownFileType = image.png; path = tetraminos_F.png; sourceTree = "<group>"; };
		2A8692F71B5732B600E5CB16 /* BlockTimer.swift */ = {isa = PBXFileReference; fileEncoding = 4; lastKnownFileType = sourcecode.swift; path = BlockTimer.swift; sourceTree = "<group>"; };
		A83683E11B56E31300BF05D5 /* Connect.swift */ = {isa = PBXFileReference; fileEncoding = 4; lastKnownFileType = sourcecode.swift; path = Connect.swift; sourceTree = "<group>"; };
		A83683E91B570D4D00BF05D5 /* Store.swift */ = {isa = PBXFileReference; fileEncoding = 4; lastKnownFileType = sourcecode.swift; path = Store.swift; sourceTree = "<group>"; };
		A83683EB1B572D5700BF05D5 /* JSObject.swift */ = {isa = PBXFileReference; fileEncoding = 4; lastKnownFileType = sourcecode.swift; path = JSObject.swift; sourceTree = "<group>"; };
		A8579A5F1B55C9A200FA54F9 /* TetrisGame.app */ = {isa = PBXFileReference; explicitFileType = wrapper.application; includeInIndex = 0; path = TetrisGame.app; sourceTree = BUILT_PRODUCTS_DIR; };
		A8579A631B55C9A200FA54F9 /* Info.plist */ = {isa = PBXFileReference; lastKnownFileType = text.plist.xml; path = Info.plist; sourceTree = "<group>"; };
		A8579A641B55C9A200FA54F9 /* AppDelegate.swift */ = {isa = PBXFileReference; lastKnownFileType = sourcecode.swift; path = AppDelegate.swift; sourceTree = "<group>"; };
		A8579A661B55C9A200FA54F9 /* GameScene.sks */ = {isa = PBXFileReference; lastKnownFileType = file.sks; path = GameScene.sks; sourceTree = "<group>"; };
		A8579A681B55C9A200FA54F9 /* GameScene.swift */ = {isa = PBXFileReference; lastKnownFileType = sourcecode.swift; path = GameScene.swift; sourceTree = "<group>"; };
		A8579A6A1B55C9A200FA54F9 /* GameViewController.swift */ = {isa = PBXFileReference; lastKnownFileType = sourcecode.swift; path = GameViewController.swift; sourceTree = "<group>"; };
		A8579A6D1B55C9A200FA54F9 /* Base */ = {isa = PBXFileReference; lastKnownFileType = file.storyboard; name = Base; path = Base.lproj/Main.storyboard; sourceTree = "<group>"; };
		A8579A6F1B55C9A200FA54F9 /* Images.xcassets */ = {isa = PBXFileReference; lastKnownFileType = folder.assetcatalog; path = Images.xcassets; sourceTree = "<group>"; };
		A8579A721B55C9A200FA54F9 /* Base */ = {isa = PBXFileReference; lastKnownFileType = file.xib; name = Base; path = Base.lproj/LaunchScreen.xib; sourceTree = "<group>"; };
		A8579A781B55C9A200FA54F9 /* TetrisGameTests.xctest */ = {isa = PBXFileReference; explicitFileType = wrapper.cfbundle; includeInIndex = 0; path = TetrisGameTests.xctest; sourceTree = BUILT_PRODUCTS_DIR; };
		A8579A7D1B55C9A200FA54F9 /* Info.plist */ = {isa = PBXFileReference; lastKnownFileType = text.plist.xml; path = Info.plist; sourceTree = "<group>"; };
		A8579A7E1B55C9A200FA54F9 /* TetrisGameTests.swift */ = {isa = PBXFileReference; lastKnownFileType = sourcecode.swift; path = TetrisGameTests.swift; sourceTree = "<group>"; };
		A8579A881B55DE5200FA54F9 /* Tetraminos.swift */ = {isa = PBXFileReference; fileEncoding = 4; lastKnownFileType = sourcecode.swift; path = Tetraminos.swift; sourceTree = "<group>"; };
		A87D4CFB1B59823C003C9ECB /* greystripe.png */ = {isa = PBXFileReference; lastKnownFileType = image.png; path = greystripe.png; sourceTree = "<group>"; };
		ED1DFC9F1B55E9C600CA2FA2 /* DataLoader.swift */ = {isa = PBXFileReference; fileEncoding = 4; lastKnownFileType = sourcecode.swift; path = DataLoader.swift; sourceTree = "<group>"; };
		ED1DFCA11B55E9CE00CA2FA2 /* HighScoreController.swift */ = {isa = PBXFileReference; fileEncoding = 4; lastKnownFileType = sourcecode.swift; path = HighScoreController.swift; sourceTree = "<group>"; };
		ED1DFCA31B55E9D600CA2FA2 /* Player.swift */ = {isa = PBXFileReference; fileEncoding = 4; lastKnownFileType = sourcecode.swift; path = Player.swift; sourceTree = "<group>"; };
		ED1DFCA51B55E9D900CA2FA2 /* PlayerCell.swift */ = {isa = PBXFileReference; fileEncoding = 4; lastKnownFileType = sourcecode.swift; path = PlayerCell.swift; sourceTree = "<group>"; };
/* End PBXFileReference section */

/* Begin PBXFrameworksBuildPhase section */
		A8579A5C1B55C9A200FA54F9 /* Frameworks */ = {
			isa = PBXFrameworksBuildPhase;
			buildActionMask = 2147483647;
			files = (
			);
			runOnlyForDeploymentPostprocessing = 0;
		};
		A8579A751B55C9A200FA54F9 /* Frameworks */ = {
			isa = PBXFrameworksBuildPhase;
			buildActionMask = 2147483647;
			files = (
			);
			runOnlyForDeploymentPostprocessing = 0;
		};
/* End PBXFrameworksBuildPhase section */

/* Begin PBXGroup section */
		2A8692E61B571A2200E5CB16 /* tetraminos */ = {
			isa = PBXGroup;
			children = (
				2A8692E91B571F1000E5CB16 /* tetraminos_S.png */,
				2A8692EA1B571F1000E5CB16 /* tetraminos_Z.png */,
				A87D4CFB1B59823C003C9ECB /* greystripe.png */,
				2A8692EB1B571F1000E5CB16 /* tetraminos_O.png */,
				2A8692EC1B571F1000E5CB16 /* tetraminos_T.png */,
				2A8692ED1B571F1000E5CB16 /* tetraminos_I.png */,
				2A8692EE1B571F1000E5CB16 /* tetraminos_L.png */,
				2A8692EF1B571F1000E5CB16 /* tetraminos_F.png */,
			);
			name = tetraminos;
			sourceTree = "<group>";
		};
		A8579A561B55C9A200FA54F9 = {
			isa = PBXGroup;
			children = (
				2A8692E01B56FDC600E5CB16 /* personal-access-token.txt */,
				A8579A611B55C9A200FA54F9 /* TetrisGame */,
				A8579A7B1B55C9A200FA54F9 /* TetrisGameTests */,
				A8579A601B55C9A200FA54F9 /* Products */,
			);
			sourceTree = "<group>";
		};
		A8579A601B55C9A200FA54F9 /* Products */ = {
			isa = PBXGroup;
			children = (
				A8579A5F1B55C9A200FA54F9 /* TetrisGame.app */,
				A8579A781B55C9A200FA54F9 /* TetrisGameTests.xctest */,
			);
			name = Products;
			sourceTree = "<group>";
		};
		A8579A611B55C9A200FA54F9 /* TetrisGame */ = {
			isa = PBXGroup;
			children = (
				2A8692E61B571A2200E5CB16 /* tetraminos */,
				A8579A641B55C9A200FA54F9 /* AppDelegate.swift */,
				A8579A6A1B55C9A200FA54F9 /* GameViewController.swift */,
				A8579A661B55C9A200FA54F9 /* GameScene.sks */,
				A8579A681B55C9A200FA54F9 /* GameScene.swift */,
				A8579A881B55DE5200FA54F9 /* Tetraminos.swift */,
				2A8692F71B5732B600E5CB16 /* BlockTimer.swift */,
				ED1DFC9F1B55E9C600CA2FA2 /* DataLoader.swift */,
				A83683E11B56E31300BF05D5 /* Connect.swift */,
				A83683E91B570D4D00BF05D5 /* Store.swift */,
				A83683EB1B572D5700BF05D5 /* JSObject.swift */,
				ED1DFCA11B55E9CE00CA2FA2 /* HighScoreController.swift */,
				ED1DFCA51B55E9D900CA2FA2 /* PlayerCell.swift */,
				ED1DFCA31B55E9D600CA2FA2 /* Player.swift */,
				A8579A6C1B55C9A200FA54F9 /* Main.storyboard */,
				A8579A6F1B55C9A200FA54F9 /* Images.xcassets */,
				A8579A711B55C9A200FA54F9 /* LaunchScreen.xib */,
				A8579A621B55C9A200FA54F9 /* Supporting Files */,
			);
			path = TetrisGame;
			sourceTree = "<group>";
		};
		A8579A621B55C9A200FA54F9 /* Supporting Files */ = {
			isa = PBXGroup;
			children = (
				A8579A631B55C9A200FA54F9 /* Info.plist */,
			);
			name = "Supporting Files";
			sourceTree = "<group>";
		};
		A8579A7B1B55C9A200FA54F9 /* TetrisGameTests */ = {
			isa = PBXGroup;
			children = (
				A8579A7E1B55C9A200FA54F9 /* TetrisGameTests.swift */,
				A8579A7C1B55C9A200FA54F9 /* Supporting Files */,
			);
			path = TetrisGameTests;
			sourceTree = "<group>";
		};
		A8579A7C1B55C9A200FA54F9 /* Supporting Files */ = {
			isa = PBXGroup;
			children = (
				A8579A7D1B55C9A200FA54F9 /* Info.plist */,
			);
			name = "Supporting Files";
			sourceTree = "<group>";
		};
/* End PBXGroup section */

/* Begin PBXNativeTarget section */
		A8579A5E1B55C9A200FA54F9 /* TetrisGame */ = {
			isa = PBXNativeTarget;
			buildConfigurationList = A8579A821B55C9A200FA54F9 /* Build configuration list for PBXNativeTarget "TetrisGame" */;
			buildPhases = (
				A8579A5B1B55C9A200FA54F9 /* Sources */,
				A8579A5C1B55C9A200FA54F9 /* Frameworks */,
				A8579A5D1B55C9A200FA54F9 /* Resources */,
			);
			buildRules = (
			);
			dependencies = (
			);
			name = TetrisGame;
			productName = TetrisGame;
			productReference = A8579A5F1B55C9A200FA54F9 /* TetrisGame.app */;
			productType = "com.apple.product-type.application";
		};
		A8579A771B55C9A200FA54F9 /* TetrisGameTests */ = {
			isa = PBXNativeTarget;
			buildConfigurationList = A8579A851B55C9A200FA54F9 /* Build configuration list for PBXNativeTarget "TetrisGameTests" */;
			buildPhases = (
				A8579A741B55C9A200FA54F9 /* Sources */,
				A8579A751B55C9A200FA54F9 /* Frameworks */,
				A8579A761B55C9A200FA54F9 /* Resources */,
			);
			buildRules = (
			);
			dependencies = (
				A8579A7A1B55C9A200FA54F9 /* PBXTargetDependency */,
			);
			name = TetrisGameTests;
			productName = TetrisGameTests;
			productReference = A8579A781B55C9A200FA54F9 /* TetrisGameTests.xctest */;
			productType = "com.apple.product-type.bundle.unit-test";
		};
/* End PBXNativeTarget section */

/* Begin PBXProject section */
		A8579A571B55C9A200FA54F9 /* Project object */ = {
			isa = PBXProject;
			attributes = {
				LastUpgradeCheck = 0630;
				ORGANIZATIONNAME = Square;
				TargetAttributes = {
					A8579A5E1B55C9A200FA54F9 = {
						CreatedOnToolsVersion = 6.3.2;
					};
					A8579A771B55C9A200FA54F9 = {
						CreatedOnToolsVersion = 6.3.2;
						TestTargetID = A8579A5E1B55C9A200FA54F9;
					};
				};
			};
			buildConfigurationList = A8579A5A1B55C9A200FA54F9 /* Build configuration list for PBXProject "TetrisGame" */;
			compatibilityVersion = "Xcode 3.2";
			developmentRegion = English;
			hasScannedForEncodings = 0;
			knownRegions = (
				en,
				Base,
			);
			mainGroup = A8579A561B55C9A200FA54F9;
			productRefGroup = A8579A601B55C9A200FA54F9 /* Products */;
			projectDirPath = "";
			projectRoot = "";
			targets = (
				A8579A5E1B55C9A200FA54F9 /* TetrisGame */,
				A8579A771B55C9A200FA54F9 /* TetrisGameTests */,
			);
		};
/* End PBXProject section */

/* Begin PBXResourcesBuildPhase section */
		A8579A5D1B55C9A200FA54F9 /* Resources */ = {
			isa = PBXResourcesBuildPhase;
			buildActionMask = 2147483647;
			files = (
				A87D4CFC1B59823C003C9ECB /* greystripe.png in Resources */,
				A8579A731B55C9A200FA54F9 /* LaunchScreen.xib in Resources */,
				2A8692F41B571F1000E5CB16 /* tetraminos_I.png in Resources */,
				A8579A701B55C9A200FA54F9 /* Images.xcassets in Resources */,
				2A8692F11B571F1000E5CB16 /* tetraminos_Z.png in Resources */,
				2A8692E11B56FDC600E5CB16 /* personal-access-token.txt in Resources */,
				2A8692F01B571F1000E5CB16 /* tetraminos_S.png in Resources */,
				2A8692F61B571F1000E5CB16 /* tetraminos_F.png in Resources */,
				A8579A671B55C9A200FA54F9 /* GameScene.sks in Resources */,
				2A8692F51B571F1000E5CB16 /* tetraminos_L.png in Resources */,
				2A8692F31B571F1000E5CB16 /* tetraminos_T.png in Resources */,
				A8579A6E1B55C9A200FA54F9 /* Main.storyboard in Resources */,
				2A8692F21B571F1000E5CB16 /* tetraminos_O.png in Resources */,
			);
			runOnlyForDeploymentPostprocessing = 0;
		};
		A8579A761B55C9A200FA54F9 /* Resources */ = {
			isa = PBXResourcesBuildPhase;
			buildActionMask = 2147483647;
			files = (
			);
			runOnlyForDeploymentPostprocessing = 0;
		};
/* End PBXResourcesBuildPhase section */

/* Begin PBXSourcesBuildPhase section */
		A8579A5B1B55C9A200FA54F9 /* Sources */ = {
			isa = PBXSourcesBuildPhase;
			buildActionMask = 2147483647;
			files = (
				ED1DFCA61B55E9D900CA2FA2 /* PlayerCell.swift in Sources */,
				A83683EC1B572D5700BF05D5 /* JSObject.swift in Sources */,
				ED1DFCA21B55E9CE00CA2FA2 /* HighScoreController.swift in Sources */,
				ED1DFCA01B55E9C600CA2FA2 /* DataLoader.swift in Sources */,
				2A8692F81B5732B600E5CB16 /* BlockTimer.swift in Sources */,
				A8579A691B55C9A200FA54F9 /* GameScene.swift in Sources */,
				A8579A891B55DE5200FA54F9 /* Tetraminos.swift in Sources */,
				A83683EA1B570D4D00BF05D5 /* Store.swift in Sources */,
				ED1DFCA41B55E9D600CA2FA2 /* Player.swift in Sources */,
				A8579A6B1B55C9A200FA54F9 /* GameViewController.swift in Sources */,
				A8579A651B55C9A200FA54F9 /* AppDelegate.swift in Sources */,
				A83683E21B56E31300BF05D5 /* Connect.swift in Sources */,
			);
			runOnlyForDeploymentPostprocessing = 0;
		};
		A8579A741B55C9A200FA54F9 /* Sources */ = {
			isa = PBXSourcesBuildPhase;
			buildActionMask = 2147483647;
			files = (
				A8579A7F1B55C9A200FA54F9 /* TetrisGameTests.swift in Sources */,
			);
			runOnlyForDeploymentPostprocessing = 0;
		};
/* End PBXSourcesBuildPhase section */

/* Begin PBXTargetDependency section */
		A8579A7A1B55C9A200FA54F9 /* PBXTargetDependency */ = {
			isa = PBXTargetDependency;
			target = A8579A5E1B55C9A200FA54F9 /* TetrisGame */;
			targetProxy = A8579A791B55C9A200FA54F9 /* PBXContainerItemProxy */;
		};
/* End PBXTargetDependency section */

/* Begin PBXVariantGroup section */
		A8579A6C1B55C9A200FA54F9 /* Main.storyboard */ = {
			isa = PBXVariantGroup;
			children = (
				A8579A6D1B55C9A200FA54F9 /* Base */,
			);
			name = Main.storyboard;
			sourceTree = "<group>";
		};
		A8579A711B55C9A200FA54F9 /* LaunchScreen.xib */ = {
			isa = PBXVariantGroup;
			children = (
				A8579A721B55C9A200FA54F9 /* Base */,
			);
			name = LaunchScreen.xib;
			sourceTree = "<group>";
		};
/* End PBXVariantGroup section */

/* Begin XCBuildConfiguration section */
		A8579A801B55C9A200FA54F9 /* Debug */ = {
			isa = XCBuildConfiguration;
			buildSettings = {
				ALWAYS_SEARCH_USER_PATHS = NO;
				CLANG_CXX_LANGUAGE_STANDARD = "gnu++0x";
				CLANG_CXX_LIBRARY = "libc++";
				CLANG_ENABLE_MODULES = YES;
				CLANG_ENABLE_OBJC_ARC = YES;
				CLANG_WARN_BOOL_CONVERSION = YES;
				CLANG_WARN_CONSTANT_CONVERSION = YES;
				CLANG_WARN_DIRECT_OBJC_ISA_USAGE = YES_ERROR;
				CLANG_WARN_EMPTY_BODY = YES;
				CLANG_WARN_ENUM_CONVERSION = YES;
				CLANG_WARN_INT_CONVERSION = YES;
				CLANG_WARN_OBJC_ROOT_CLASS = YES_ERROR;
				CLANG_WARN_UNREACHABLE_CODE = YES;
				CLANG_WARN__DUPLICATE_METHOD_MATCH = YES;
				"CODE_SIGN_IDENTITY[sdk=iphoneos*]" = "iPhone Developer";
				COPY_PHASE_STRIP = NO;
				DEBUG_INFORMATION_FORMAT = "dwarf-with-dsym";
				ENABLE_STRICT_OBJC_MSGSEND = YES;
				GCC_C_LANGUAGE_STANDARD = gnu99;
				GCC_DYNAMIC_NO_PIC = NO;
				GCC_NO_COMMON_BLOCKS = YES;
				GCC_OPTIMIZATION_LEVEL = 0;
				GCC_PREPROCESSOR_DEFINITIONS = (
					"DEBUG=1",
					"$(inherited)",
				);
				GCC_SYMBOLS_PRIVATE_EXTERN = NO;
				GCC_WARN_64_TO_32_BIT_CONVERSION = YES;
				GCC_WARN_ABOUT_RETURN_TYPE = YES_ERROR;
				GCC_WARN_UNDECLARED_SELECTOR = YES;
				GCC_WARN_UNINITIALIZED_AUTOS = YES_AGGRESSIVE;
				GCC_WARN_UNUSED_FUNCTION = YES;
				GCC_WARN_UNUSED_VARIABLE = YES;
				IPHONEOS_DEPLOYMENT_TARGET = 8.3;
				MTL_ENABLE_DEBUG_INFO = YES;
				ONLY_ACTIVE_ARCH = YES;
				SDKROOT = iphoneos;
				SWIFT_OPTIMIZATION_LEVEL = "-Onone";
				TARGETED_DEVICE_FAMILY = "1,2";
			};
			name = Debug;
		};
		A8579A811B55C9A200FA54F9 /* Release */ = {
			isa = XCBuildConfiguration;
			buildSettings = {
				ALWAYS_SEARCH_USER_PATHS = NO;
				CLANG_CXX_LANGUAGE_STANDARD = "gnu++0x";
				CLANG_CXX_LIBRARY = "libc++";
				CLANG_ENABLE_MODULES = YES;
				CLANG_ENABLE_OBJC_ARC = YES;
				CLANG_WARN_BOOL_CONVERSION = YES;
				CLANG_WARN_CONSTANT_CONVERSION = YES;
				CLANG_WARN_DIRECT_OBJC_ISA_USAGE = YES_ERROR;
				CLANG_WARN_EMPTY_BODY = YES;
				CLANG_WARN_ENUM_CONVERSION = YES;
				CLANG_WARN_INT_CONVERSION = YES;
				CLANG_WARN_OBJC_ROOT_CLASS = YES_ERROR;
				CLANG_WARN_UNREACHABLE_CODE = YES;
				CLANG_WARN__DUPLICATE_METHOD_MATCH = YES;
				"CODE_SIGN_IDENTITY[sdk=iphoneos*]" = "iPhone Developer";
				COPY_PHASE_STRIP = NO;
				DEBUG_INFORMATION_FORMAT = "dwarf-with-dsym";
				ENABLE_NS_ASSERTIONS = NO;
				ENABLE_STRICT_OBJC_MSGSEND = YES;
				GCC_C_LANGUAGE_STANDARD = gnu99;
				GCC_NO_COMMON_BLOCKS = YES;
				GCC_WARN_64_TO_32_BIT_CONVERSION = YES;
				GCC_WARN_ABOUT_RETURN_TYPE = YES_ERROR;
				GCC_WARN_UNDECLARED_SELECTOR = YES;
				GCC_WARN_UNINITIALIZED_AUTOS = YES_AGGRESSIVE;
				GCC_WARN_UNUSED_FUNCTION = YES;
				GCC_WARN_UNUSED_VARIABLE = YES;
				IPHONEOS_DEPLOYMENT_TARGET = 8.3;
				MTL_ENABLE_DEBUG_INFO = NO;
				SDKROOT = iphoneos;
				TARGETED_DEVICE_FAMILY = "1,2";
				VALIDATE_PRODUCT = YES;
			};
			name = Release;
		};
		A8579A831B55C9A200FA54F9 /* Debug */ = {
			isa = XCBuildConfiguration;
			buildSettings = {
				ASSETCATALOG_COMPILER_APPICON_NAME = AppIcon;
				INFOPLIST_FILE = TetrisGame/Info.plist;
				LD_RUNPATH_SEARCH_PATHS = "$(inherited) @executable_path/Frameworks";
				PRODUCT_NAME = "$(TARGET_NAME)";
			};
			name = Debug;
		};
		A8579A841B55C9A200FA54F9 /* Release */ = {
			isa = XCBuildConfiguration;
			buildSettings = {
				ASSETCATALOG_COMPILER_APPICON_NAME = AppIcon;
				INFOPLIST_FILE = TetrisGame/Info.plist;
				LD_RUNPATH_SEARCH_PATHS = "$(inherited) @executable_path/Frameworks";
				PRODUCT_NAME = "$(TARGET_NAME)";
			};
			name = Release;
		};
		A8579A861B55C9A200FA54F9 /* Debug */ = {
			isa = XCBuildConfiguration;
			buildSettings = {
				BUNDLE_LOADER = "$(TEST_HOST)";
				FRAMEWORK_SEARCH_PATHS = (
					"$(SDKROOT)/Developer/Library/Frameworks",
					"$(inherited)",
				);
				GCC_PREPROCESSOR_DEFINITIONS = (
					"DEBUG=1",
					"$(inherited)",
				);
				INFOPLIST_FILE = TetrisGameTests/Info.plist;
				LD_RUNPATH_SEARCH_PATHS = "$(inherited) @executable_path/Frameworks @loader_path/Frameworks";
				PRODUCT_NAME = "$(TARGET_NAME)";
				TEST_HOST = "$(BUILT_PRODUCTS_DIR)/TetrisGame.app/TetrisGame";
			};
			name = Debug;
		};
		A8579A871B55C9A200FA54F9 /* Release */ = {
			isa = XCBuildConfiguration;
			buildSettings = {
				BUNDLE_LOADER = "$(TEST_HOST)";
				FRAMEWORK_SEARCH_PATHS = (
					"$(SDKROOT)/Developer/Library/Frameworks",
					"$(inherited)",
				);
				INFOPLIST_FILE = TetrisGameTests/Info.plist;
				LD_RUNPATH_SEARCH_PATHS = "$(inherited) @executable_path/Frameworks @loader_path/Frameworks";
				PRODUCT_NAME = "$(TARGET_NAME)";
				TEST_HOST = "$(BUILT_PRODUCTS_DIR)/TetrisGame.app/TetrisGame";
			};
			name = Release;
		};
/* End XCBuildConfiguration section */

/* Begin XCConfigurationList section */
		A8579A5A1B55C9A200FA54F9 /* Build configuration list for PBXProject "TetrisGame" */ = {
			isa = XCConfigurationList;
			buildConfigurations = (
				A8579A801B55C9A200FA54F9 /* Debug */,
				A8579A811B55C9A200FA54F9 /* Release */,
			);
			defaultConfigurationIsVisible = 0;
			defaultConfigurationName = Release;
		};
		A8579A821B55C9A200FA54F9 /* Build configuration list for PBXNativeTarget "TetrisGame" */ = {
			isa = XCConfigurationList;
			buildConfigurations = (
				A8579A831B55C9A200FA54F9 /* Debug */,
				A8579A841B55C9A200FA54F9 /* Release */,
			);
			defaultConfigurationIsVisible = 0;
			defaultConfigurationName = Release;
		};
		A8579A851B55C9A200FA54F9 /* Build configuration list for PBXNativeTarget "TetrisGameTests" */ = {
			isa = XCConfigurationList;
			buildConfigurations = (
				A8579A861B55C9A200FA54F9 /* Debug */,
				A8579A871B55C9A200FA54F9 /* Release */,
			);
			defaultConfigurationIsVisible = 0;
			defaultConfigurationName = Release;
		};
/* End XCConfigurationList section */
	};
	rootObject = A8579A571B55C9A200FA54F9 /* Project object */;
}
